PODS:
  - Alamofire (4.9.1)
  - SDWebImage (5.4.2):
    - SDWebImage/Core (= 5.4.2)
  - SDWebImage/Core (5.4.2)
  - SwiftyJSON (5.0.0)

DEPENDENCIES:
  - Alamofire
  - SDWebImage
  - SwiftyJSON

SPEC REPOS:
  trunk:
    - Alamofire
    - SDWebImage
    - SwiftyJSON

SPEC CHECKSUMS:
  Alamofire: 85e8a02c69d6020a0d734f6054870d7ecb75cf18
  SDWebImage: 4ca2dc4eefae4224bea8f504251cda485a363745
  SwiftyJSON: 36413e04c44ee145039d332b4f4e2d3e8d6c4db7

PODFILE CHECKSUM: 545b9d70b9fbbec296fb8a963e0cd29cae86530e

COCOAPODS: 1.8.4
